
Microsoft Visual Studio Solution File, Format Version 12.00
# Visual Studio 15
Project("{FAE04EC0-301F-11D3-BF4B-00C04F79EFBC}") = "Assembly-CSharp", "Assembly-CSharp.csproj", "{390630C5-5870-E74A-50A3-A69510AFC7D1}"
EndProject
Project("{FAE04EC0-301F-11D3-BF4B-00C04F79EFBC}") = "Assembly-CSharp-Editor", "Assembly-CSharp-Editor.csproj", "{EA5FACDC-4BBD-230F-1735-E0A9E98DD1EF}"
EndProject
Global
	GlobalSection(SolutionConfigurationPlatforms) = preSolution
		Debug|Any CPU = Debug|Any CPU
		Release|Any CPU = Release|Any CPU
	EndGlobalSection
	GlobalSection(ProjectConfigurationPlatforms) = postSolution
		{390630C5-5870-E74A-50A3-A69510AFC7D1}.Debug|Any CPU.ActiveCfg = Debug|Any CPU
		{390630C5-5870-E74A-50A3-A69510AFC7D1}.Debug|Any CPU.Build.0 = Debug|Any CPU
		{390630C5-5870-E74A-50A3-A69510AFC7D1}.Release|Any CPU.ActiveCfg = Release|Any CPU
		{390630C5-5870-E74A-50A3-A69510AFC7D1}.Release|Any CPU.Build.0 = Release|Any CPU
		{EA5FACDC-4BBD-230F-1735-E0A9E98DD1EF}.Debug|Any CPU.ActiveCfg = Debug|Any CPU
		{EA5FACDC-4BBD-230F-1735-E0A9E98DD1EF}.Debug|Any CPU.Build.0 = Debug|Any CPU
		{EA5FACDC-4BBD-230F-1735-E0A9E98DD1EF}.Release|Any CPU.ActiveCfg = Release|Any CPU
		{EA5FACDC-4BBD-230F-1735-E0A9E98DD1EF}.Release|Any CPU.Build.0 = Release|Any CPU
	EndGlobalSection
	GlobalSection(SolutionProperties) = preSolution
		HideSolutionNode = FALSE
	EndGlobalSection
EndGlobal
